
Microsoft Visual Studio Solution File, Format Version 12.00
# Visual Studio Version 16
VisualStudioVersion = 16.0.29709.97
MinimumVisualStudioVersion = 10.0.40219.1
Project("{FAE04EC0-301F-11D3-BF4B-00C04F79EFBC}") = "edu-file-viewer", "src\edu-file-viewer.csproj", "{6B9B89BB-7D3E-4D5A-A746-72D59B7AA163}"
EndProject
Project("{FAE04EC0-301F-11D3-BF4B-00C04F79EFBC}") = "edu-file-viewer-tests", "tests\edu-file-viewer-tests.csproj", "{6413EDAB-B344-4820-9AFE-574AD1F04988}"
EndProject
Global
	GlobalSection(SolutionConfigurationPlatforms) = preSolution
		Debug|Any CPU = Debug|Any CPU
		Release|Any CPU = Release|Any CPU
	EndGlobalSection
	GlobalSection(ProjectConfigurationPlatforms) = postSolution
		{6B9B89BB-7D3E-4D5A-A746-72D59B7AA163}.Debug|Any CPU.ActiveCfg = Debug|Any CPU
		{6B9B89BB-7D3E-4D5A-A746-72D59B7AA163}.Debug|Any CPU.Build.0 = Debug|Any CPU
		{6B9B89BB-7D3E-4D5A-A746-72D59B7AA163}.Release|Any CPU.ActiveCfg = Release|Any CPU
		{6B9B89BB-7D3E-4D5A-A746-72D59B7AA163}.Release|Any CPU.Build.0 = Release|Any CPU
		{6413EDAB-B344-4820-9AFE-574AD1F04988}.Debug|Any CPU.ActiveCfg = Debug|Any CPU
		{6413EDAB-B344-4820-9AFE-574AD1F04988}.Debug|Any CPU.Build.0 = Debug|Any CPU
		{6413EDAB-B344-4820-9AFE-574AD1F04988}.Release|Any CPU.ActiveCfg = Release|Any CPU
		{6413EDAB-B344-4820-9AFE-574AD1F04988}.Release|Any CPU.Build.0 = Release|Any CPU
	EndGlobalSection
	GlobalSection(SolutionProperties) = preSolution
		HideSolutionNode = FALSE
	EndGlobalSection
	GlobalSection(ExtensibilityGlobals) = postSolution
		SolutionGuid = {1DD461CF-4FDA-4F58-8EF9-EF23C0F179CF}
	EndGlobalSection
EndGlobal
